// !$*UTF8*$!
{
	archiveVersion = 1;
	classes = {
	};
	objectVersion = 56;
	objects = {

/* Begin PBXBuildFile section */
		0764CD242BED32350067511E /* AppDelegate.swift in Sources */ = {isa = PBXBuildFile; fileRef = 0764CD232BED32350067511E /* AppDelegate.swift */; };
		0764CD262BED32350067511E /* SceneDelegate.swift in Sources */ = {isa = PBXBuildFile; fileRef = 0764CD252BED32350067511E /* SceneDelegate.swift */; };
		0764CD282BED32350067511E /* ViewController.swift in Sources */ = {isa = PBXBuildFile; fileRef = 0764CD272BED32350067511E /* ViewController.swift */; };
		0764CD2B2BED32350067511E /* Main.storyboard in Resources */ = {isa = PBXBuildFile; fileRef = 0764CD292BED32350067511E /* Main.storyboard */; };
		0764CD2E2BED32350067511E /* project_1.xcdatamodeld in Sources */ = {isa = PBXBuildFile; fileRef = 0764CD2C2BED32350067511E /* project_1.xcdatamodeld */; };
		0764CD302BED32370067511E /* Assets.xcassets in Resources */ = {isa = PBXBuildFile; fileRef = 0764CD2F2BED32370067511E /* Assets.xcassets */; };
		0764CD332BED32370067511E /* LaunchScreen.storyboard in Resources */ = {isa = PBXBuildFile; fileRef = 0764CD312BED32370067511E /* LaunchScreen.storyboard */; };
		0764CD3E2BED32370067511E /* project_1Tests.swift in Sources */ = {isa = PBXBuildFile; fileRef = 0764CD3D2BED32370067511E /* project_1Tests.swift */; };
		0764CD482BED32370067511E /* project_1UITests.swift in Sources */ = {isa = PBXBuildFile; fileRef = 0764CD472BED32370067511E /* project_1UITests.swift */; };
		0764CD4A2BED32370067511E /* project_1UITestsLaunchTests.swift in Sources */ = {isa = PBXBuildFile; fileRef = 0764CD492BED32370067511E /* project_1UITestsLaunchTests.swift */; };
/* End PBXBuildFile section */

/* Begin PBXContainerItemProxy section */
		0764CD3A2BED32370067511E /* PBXContainerItemProxy */ = {
			isa = PBXContainerItemProxy;
			containerPortal = 0764CD182BED32350067511E /* Project object */;
			proxyType = 1;
			remoteGlobalIDString = 0764CD1F2BED32350067511E;
			remoteInfo = "project 1";
		};
		0764CD442BED32370067511E /* PBXContainerItemProxy */ = {
			isa = PBXContainerItemProxy;
			containerPortal = 0764CD182BED32350067511E /* Project object */;
			proxyType = 1;
			remoteGlobalIDString = 0764CD1F2BED32350067511E;
			remoteInfo = "project 1";
		};
/* End PBXContainerItemProxy section */

/* Begin PBXFileReference section */
		0764CD202BED32350067511E /* project 1.app */ = {isa = PBXFileReference; explicitFileType = wrapper.application; includeInIndex = 0; path = "project 1.app"; sourceTree = BUILT_PRODUCTS_DIR; };
		0764CD232BED32350067511E /* AppDelegate.swift */ = {isa = PBXFileReference; lastKnownFileType = sourcecode.swift; path = AppDelegate.swift; sourceTree = "<group>"; };
		0764CD252BED32350067511E /* SceneDelegate.swift */ = {isa = PBXFileReference; lastKnownFileType = sourcecode.swift; path = SceneDelegate.swift; sourceTree = "<group>"; };
		0764CD272BED32350067511E /* ViewController.swift */ = {isa = PBXFileReference; lastKnownFileType = sourcecode.swift; path = ViewController.swift; sourceTree = "<group>"; };
		0764CD2A2BED32350067511E /* Base */ = {isa = PBXFileReference; lastKnownFileType = file.storyboard; name = Base; path = Base.lproj/Main.storyboard; sourceTree = "<group>"; };
		0764CD2D2BED32350067511E /* project_1.xcdatamodel */ = {isa = PBXFileReference; lastKnownFileType = wrapper.xcdatamodel; path = project_1.xcdatamodel; sourceTree = "<group>"; };
		0764CD2F2BED32370067511E /* Assets.xcassets */ = {isa = PBXFileReference; lastKnownFileType = folder.assetcatalog; path = Assets.xcassets; sourceTree = "<group>"; };
		0764CD322BED32370067511E /* Base */ = {isa = PBXFileReference; lastKnownFileType = file.storyboard; name = Base; path = Base.lproj/LaunchScreen.storyboard; sourceTree = "<group>"; };
		0764CD342BED32370067511E /* Info.plist */ = {isa = PBXFileReference; lastKnownFileType = text.plist.xml; path = Info.plist; sourceTree = "<group>"; };
		0764CD392BED32370067511E /* project 1Tests.xctest */ = {isa = PBXFileReference; explicitFileType = wrapper.cfbundle; includeInIndex = 0; path = "project 1Tests.xctest"; sourceTree = BUILT_PRODUCTS_DIR; };
		0764CD3D2BED32370067511E /* project_1Tests.swift */ = {isa = PBXFileReference; lastKnownFileType = sourcecode.swift; path = project_1Tests.swift; sourceTree = "<group>"; };
		0764CD432BED32370067511E /* project 1UITests.xctest */ = {isa = PBXFileReference; explicitFileType = wrapper.cfbundle; includeInIndex = 0; path = "project 1UITests.xctest"; sourceTree = BUILT_PRODUCTS_DIR; };
		0764CD472BED32370067511E /* project_1UITests.swift */ = {isa = PBXFileReference; lastKnownFileType = sourcecode.swift; path = project_1UITests.swift; sourceTree = "<group>"; };
		0764CD492BED32370067511E /* project_1UITestsLaunchTests.swift */ = {isa = PBXFileReference; lastKnownFileType = sourcecode.swift; path = project_1UITestsLaunchTests.swift; sourceTree = "<group>"; };
/* End PBXFileReference section */

/* Begin PBXFrameworksBuildPhase section */
		0764CD1D2BED32350067511E /* Frameworks */ = {
			isa = PBXFrameworksBuildPhase;
			buildActionMask = 2147483647;
			files = (
			);
			runOnlyForDeploymentPostprocessing = 0;
		};
		0764CD362BED32370067511E /* Frameworks */ = {
			isa = PBXFrameworksBuildPhase;
			buildActionMask = 2147483647;
			files = (
			);
			runOnlyForDeploymentPostprocessing = 0;
		};
		0764CD402BED32370067511E /* Frameworks */ = {
			isa = PBXFrameworksBuildPhase;
			buildActionMask = 2147483647;
			files = (
			);
			runOnlyForDeploymentPostprocessing = 0;
		};
/* End PBXFrameworksBuildPhase section */

/* Begin PBXGroup section */
		0764CD172BED32350067511E = {
			isa = PBXGroup;
			children = (
				0764CD222BED32350067511E /* project 1 */,
				0764CD3C2BED32370067511E /* project 1Tests */,
				0764CD462BED32370067511E /* project 1UITests */,
				0764CD212BED32350067511E /* Products */,
			);
			sourceTree = "<group>";
		};
		0764CD212BED32350067511E /* Products */ = {
			isa = PBXGroup;
			children = (
				0764CD202BED32350067511E /* project 1.app */,
				0764CD392BED32370067511E /* project 1Tests.xctest */,
				0764CD432BED32370067511E /* project 1UITests.xctest */,
			);
			name = Products;
			sourceTree = "<group>";
		};
		0764CD222BED32350067511E /* project 1 */ = {
			isa = PBXGroup;
			children = (
				0764CD232BED32350067511E /* AppDelegate.swift */,
				0764CD252BED32350067511E /* SceneDelegate.swift */,
				0764CD272BED32350067511E /* ViewController.swift */,
				0764CD292BED32350067511E /* Main.storyboard */,
				0764CD2F2BED32370067511E /* Assets.xcassets */,
				0764CD312BED32370067511E /* LaunchScreen.storyboard */,
				0764CD342BED32370067511E /* Info.plist */,
				0764CD2C2BED32350067511E /* project_1.xcdatamodeld */,
			);
			path = "project 1";
			sourceTree = "<group>";
		};
		0764CD3C2BED32370067511E /* project 1Tests */ = {
			isa = PBXGroup;
			children = (
				0764CD3D2BED32370067511E /* project_1Tests.swift */,
			);
			path = "project 1Tests";
			sourceTree = "<group>";
		};
		0764CD462BED32370067511E /* project 1UITests */ = {
			isa = PBXGroup;
			children = (
				0764CD472BED32370067511E /* project_1UITests.swift */,
				0764CD492BED32370067511E /* project_1UITestsLaunchTests.swift */,
			);
			path = "project 1UITests";
			sourceTree = "<group>";
		};
/* End PBXGroup section */

/* Begin PBXNativeTarget section */
		0764CD1F2BED32350067511E /* project 1 */ = {
			isa = PBXNativeTarget;
			buildConfigurationList = 0764CD4D2BED32370067511E /* Build configuration list for PBXNativeTarget "project 1" */;
			buildPhases = (
				0764CD1C2BED32350067511E /* Sources */,
				0764CD1D2BED32350067511E /* Frameworks */,
				0764CD1E2BED32350067511E /* Resources */,
			);
			buildRules = (
			);
			dependencies = (
			);
			name = "project 1";
			productName = "project 1";
			productReference = 0764CD202BED32350067511E /* project 1.app */;
			productType = "com.apple.product-type.application";
		};
		0764CD382BED32370067511E /* project 1Tests */ = {
			isa = PBXNativeTarget;
			buildConfigurationList = 0764CD502BED32370067511E /* Build configuration list for PBXNativeTarget "project 1Tests" */;
			buildPhases = (
				0764CD352BED32370067511E /* Sources */,
				0764CD362BED32370067511E /* Frameworks */,
				0764CD372BED32370067511E /* Resources */,
			);
			buildRules = (
			);
			dependencies = (
				0764CD3B2BED32370067511E /* PBXTargetDependency */,
			);
			name = "project 1Tests";
			productName = "project 1Tests";
			productReference = 0764CD392BED32370067511E /* project 1Tests.xctest */;
			productType = "com.apple.product-type.bundle.unit-test";
		};
		0764CD422BED32370067511E /* project 1UITests */ = {
			isa = PBXNativeTarget;
			buildConfigurationList = 0764CD532BED32370067511E /* Build configuration list for PBXNativeTarget "project 1UITests" */;
			buildPhases = (
				0764CD3F2BED32370067511E /* Sources */,
				0764CD402BED32370067511E /* Frameworks */,
				0764CD412BED32370067511E /* Resources */,
			);
			buildRules = (
			);
			dependencies = (
				0764CD452BED32370067511E /* PBXTargetDependency */,
			);
			name = "project 1UITests";
			productName = "project 1UITests";
			productReference = 0764CD432BED32370067511E /* project 1UITests.xctest */;
			productType = "com.apple.product-type.bundle.ui-testing";
		};
/* End PBXNativeTarget section */

/* Begin PBXProject section */
		0764CD182BED32350067511E /* Project object */ = {
			isa = PBXProject;
			attributes = {
				BuildIndependentTargetsInParallel = 1;
				LastSwiftUpdateCheck = 1420;
				LastUpgradeCheck = 1420;
				TargetAttributes = {
					0764CD1F2BED32350067511E = {
						CreatedOnToolsVersion = 14.2;
					};
					0764CD382BED32370067511E = {
						CreatedOnToolsVersion = 14.2;
						TestTargetID = 0764CD1F2BED32350067511E;
					};
					0764CD422BED32370067511E = {
						CreatedOnToolsVersion = 14.2;
						TestTargetID = 0764CD1F2BED32350067511E;
					};
				};
			};
			buildConfigurationList = 0764CD1B2BED32350067511E /* Build configuration list for PBXProject "project 1" */;
			compatibilityVersion = "Xcode 14.0";
			developmentRegion = en;
			hasScannedForEncodings = 0;
			knownRegions = (
				en,
				Base,
			);
			mainGroup = 0764CD172BED32350067511E;
			productRefGroup = 0764CD212BED32350067511E /* Products */;
			projectDirPath = "";
			projectRoot = "";
			targets = (
				0764CD1F2BED32350067511E /* project 1 */,
				0764CD382BED32370067511E /* project 1Tests */,
				0764CD422BED32370067511E /* project 1UITests */,
			);
		};
/* End PBXProject section */

/* Begin PBXResourcesBuildPhase section */
		0764CD1E2BED32350067511E /* Resources */ = {
			isa = PBXResourcesBuildPhase;
			buildActionMask = 2147483647;
			files = (
				0764CD332BED32370067511E /* LaunchScreen.storyboard in Resources */,
				0764CD302BED32370067511E /* Assets.xcassets in Resources */,
				0764CD2B2BED32350067511E /* Main.storyboard in Resources */,
			);
			runOnlyForDeploymentPostprocessing = 0;
		};
		0764CD372BED32370067511E /* Resources */ = {
			isa = PBXResourcesBuildPhase;
			buildActionMask = 2147483647;
			files = (
			);
			runOnlyForDeploymentPostprocessing = 0;
		};
		0764CD412BED32370067511E /* Resources */ = {
			isa = PBXResourcesBuildPhase;
			buildActionMask = 2147483647;
			files = (
			);
			runOnlyForDeploymentPostprocessing = 0;
		};
/* End PBXResourcesBuildPhase section */

/* Begin PBXSourcesBuildPhase section */
		0764CD1C2BED32350067511E /* Sources */ = {
			isa = PBXSourcesBuildPhase;
			buildActionMask = 2147483647;
			files = (
				0764CD282BED32350067511E /* ViewController.swift in Sources */,
				0764CD2E2BED32350067511E /* project_1.xcdatamodeld in Sources */,
				0764CD242BED32350067511E /* AppDelegate.swift in Sources */,
				0764CD262BED32350067511E /* SceneDelegate.swift in Sources */,
			);
			runOnlyForDeploymentPostprocessing = 0;
		};
		0764CD352BED32370067511E /* Sources */ = {
			isa = PBXSourcesBuildPhase;
			buildActionMask = 2147483647;
			files = (
				0764CD3E2BED32370067511E /* project_1Tests.swift in Sources */,
			);
			runOnlyForDeploymentPostprocessing = 0;
		};
		0764CD3F2BED32370067511E /* Sources */ = {
			isa = PBXSourcesBuildPhase;
			buildActionMask = 2147483647;
			files = (
				0764CD4A2BED32370067511E /* project_1UITestsLaunchTests.swift in Sources */,
				0764CD482BED32370067511E /* project_1UITests.swift in Sources */,
			);
			runOnlyForDeploymentPostprocessing = 0;
		};
/* End PBXSourcesBuildPhase section */

/* Begin PBXTargetDependency section */
		0764CD3B2BED32370067511E /* PBXTargetDependency */ = {
			isa = PBXTargetDependency;
			target = 0764CD1F2BED32350067511E /* project 1 */;
			targetProxy = 0764CD3A2BED32370067511E /* PBXContainerItemProxy */;
		};
		0764CD452BED32370067511E /* PBXTargetDependency */ = {
			isa = PBXTargetDependency;
			target = 0764CD1F2BED32350067511E /* project 1 */;
			targetProxy = 0764CD442BED32370067511E /* PBXContainerItemProxy */;
		};
/* End PBXTargetDependency section */

/* Begin PBXVariantGroup section */
		0764CD292BED32350067511E /* Main.storyboard */ = {
			isa = PBXVariantGroup;
			children = (
				0764CD2A2BED32350067511E /* Base */,
			);
			name = Main.storyboard;
			sourceTree = "<group>";
		};
		0764CD312BED32370067511E /* LaunchScreen.storyboard */ = {
			isa = PBXVariantGroup;
			children = (
				0764CD322BED32370067511E /* Base */,
			);
			name = LaunchScreen.storyboard;
			sourceTree = "<group>";
		};
/* End PBXVariantGroup section */

/* Begin XCBuildConfiguration section */
		0764CD4B2BED32370067511E /* Debug */ = {
			isa = XCBuildConfiguration;
			buildSettings = {
				ALWAYS_SEARCH_USER_PATHS = NO;
				CLANG_ANALYZER_NONNULL = YES;
				CLANG_ANALYZER_NUMBER_OBJECT_CONVERSION = YES_AGGRESSIVE;
				CLANG_CXX_LANGUAGE_STANDARD = "gnu++20";
				CLANG_ENABLE_MODULES = YES;
				CLANG_ENABLE_OBJC_ARC = YES;
				CLANG_ENABLE_OBJC_WEAK = YES;
				CLANG_WARN_BLOCK_CAPTURE_AUTORELEASING = YES;
				CLANG_WARN_BOOL_CONVERSION = YES;
				CLANG_WARN_COMMA = YES;
				CLANG_WARN_CONSTANT_CONVERSION = YES;
				CLANG_WARN_DEPRECATED_OBJC_IMPLEMENTATIONS = YES;
				CLANG_WARN_DIRECT_OBJC_ISA_USAGE = YES_ERROR;
				CLANG_WARN_DOCUMENTATION_COMMENTS = YES;
				CLANG_WARN_EMPTY_BODY = YES;
				CLANG_WARN_ENUM_CONVERSION = YES;
				CLANG_WARN_INFINITE_RECURSION = YES;
				CLANG_WARN_INT_CONVERSION = YES;
				CLANG_WARN_NON_LITERAL_NULL_CONVERSION = YES;
				CLANG_WARN_OBJC_IMPLICIT_RETAIN_SELF = YES;
				CLANG_WARN_OBJC_LITERAL_CONVERSION = YES;
				CLANG_WARN_OBJC_ROOT_CLASS = YES_ERROR;
				CLANG_WARN_QUOTED_INCLUDE_IN_FRAMEWORK_HEADER = YES;
				CLANG_WARN_RANGE_LOOP_ANALYSIS = YES;
				CLANG_WARN_STRICT_PROTOTYPES = YES;
				CLANG_WARN_SUSPICIOUS_MOVE = YES;
				CLANG_WARN_UNGUARDED_AVAILABILITY = YES_AGGRESSIVE;
				CLANG_WARN_UNREACHABLE_CODE = YES;
				CLANG_WARN__DUPLICATE_METHOD_MATCH = YES;
				COPY_PHASE_STRIP = NO;
				DEBUG_INFORMATION_FORMAT = dwarf;
				ENABLE_STRICT_OBJC_MSGSEND = YES;
				ENABLE_TESTABILITY = YES;
				GCC_C_LANGUAGE_STANDARD = gnu11;
				GCC_DYNAMIC_NO_PIC = NO;
				GCC_NO_COMMON_BLOCKS = YES;
				GCC_OPTIMIZATION_LEVEL = 0;
				GCC_PREPROCESSOR_DEFINITIONS = (
					"DEBUG=1",
					"$(inherited)",
				);
				GCC_WARN_64_TO_32_BIT_CONVERSION = YES;
				GCC_WARN_ABOUT_RETURN_TYPE = YES_ERROR;
				GCC_WARN_UNDECLARED_SELECTOR = YES;
				GCC_WARN_UNINITIALIZED_AUTOS = YES_AGGRESSIVE;
				GCC_WARN_UNUSED_FUNCTION = YES;
				GCC_WARN_UNUSED_VARIABLE = YES;
				IPHONEOS_DEPLOYMENT_TARGET = 16.2;
				MTL_ENABLE_DEBUG_INFO = INCLUDE_SOURCE;
				MTL_FAST_MATH = YES;
				ONLY_ACTIVE_ARCH = YES;
				SDKROOT = iphoneos;
				SWIFT_ACTIVE_COMPILATION_CONDITIONS = DEBUG;
				SWIFT_OPTIMIZATION_LEVEL = "-Onone";
			};
			name = Debug;
		};
		0764CD4C2BED32370067511E /* Release */ = {
			isa = XCBuildConfiguration;
			buildSettings = {
				ALWAYS_SEARCH_USER_PATHS = NO;
				CLANG_ANALYZER_NONNULL = YES;
				CLANG_ANALYZER_NUMBER_OBJECT_CONVERSION = YES_AGGRESSIVE;
				CLANG_CXX_LANGUAGE_STANDARD = "gnu++20";
				CLANG_ENABLE_MODULES = YES;
				CLANG_ENABLE_OBJC_ARC = YES;
				CLANG_ENABLE_OBJC_WEAK = YES;
				CLANG_WARN_BLOCK_CAPTURE_AUTORELEASING = YES;
				CLANG_WARN_BOOL_CONVERSION = YES;
				CLANG_WARN_COMMA = YES;
				CLANG_WARN_CONSTANT_CONVERSION = YES;
				CLANG_WARN_DEPRECATED_OBJC_IMPLEMENTATIONS = YES;
				CLANG_WARN_DIRECT_OBJC_ISA_USAGE = YES_ERROR;
				CLANG_WARN_DOCUMENTATION_COMMENTS = YES;
				CLANG_WARN_EMPTY_BODY = YES;
				CLANG_WARN_ENUM_CONVERSION = YES;
				CLANG_WARN_INFINITE_RECURSION = YES;
				CLANG_WARN_INT_CONVERSION = YES;
				CLANG_WARN_NON_LITERAL_NULL_CONVERSION = YES;
				CLANG_WARN_OBJC_IMPLICIT_RETAIN_SELF = YES;
				CLANG_WARN_OBJC_LITERAL_CONVERSION = YES;
				CLANG_WARN_OBJC_ROOT_CLASS = YES_ERROR;
				CLANG_WARN_QUOTED_INCLUDE_IN_FRAMEWORK_HEADER = YES;
				CLANG_WARN_RANGE_LOOP_ANALYSIS = YES;
				CLANG_WARN_STRICT_PROTOTYPES = YES;
				CLANG_WARN_SUSPICIOUS_MOVE = YES;
				CLANG_WARN_UNGUARDED_AVAILABILITY = YES_AGGRESSIVE;
				CLANG_WARN_UNREACHABLE_CODE = YES;
				CLANG_WARN__DUPLICATE_METHOD_MATCH = YES;
				COPY_PHASE_STRIP = NO;
				DEBUG_INFORMATION_FORMAT = "dwarf-with-dsym";
				ENABLE_NS_ASSERTIONS = NO;
				ENABLE_STRICT_OBJC_MSGSEND = YES;
				GCC_C_LANGUAGE_STANDARD = gnu11;
				GCC_NO_COMMON_BLOCKS = YES;
				GCC_WARN_64_TO_32_BIT_CONVERSION = YES;
				GCC_WARN_ABOUT_RETURN_TYPE = YES_ERROR;
				GCC_WARN_UNDECLARED_SELECTOR = YES;
				GCC_WARN_UNINITIALIZED_AUTOS = YES_AGGRESSIVE;
				GCC_WARN_UNUSED_FUNCTION = YES;
				GCC_WARN_UNUSED_VARIABLE = YES;
				IPHONEOS_DEPLOYMENT_TARGET = 16.2;
				MTL_ENABLE_DEBUG_INFO = NO;
				MTL_FAST_MATH = YES;
				SDKROOT = iphoneos;
				SWIFT_COMPILATION_MODE = wholemodule;
				SWIFT_OPTIMIZATION_LEVEL = "-O";
				VALIDATE_PRODUCT = YES;
			};
			name = Release;
		};
		0764CD4E2BED32370067511E /* Debug */ = {
			isa = XCBuildConfiguration;
			buildSettings = {
				ASSETCATALOG_COMPILER_APPICON_NAME = AppIcon;
				ASSETCATALOG_COMPILER_GLOBAL_ACCENT_COLOR_NAME = AccentColor;
				CODE_SIGN_STYLE = Automatic;
				CURRENT_PROJECT_VERSION = 1;
				GENERATE_INFOPLIST_FILE = YES;
				INFOPLIST_FILE = "project 1/Info.plist";
				INFOPLIST_KEY_UIApplicationSupportsIndirectInputEvents = YES;
				INFOPLIST_KEY_UILaunchStoryboardName = LaunchScreen;
				INFOPLIST_KEY_UIMainStoryboardFile = Main;
				INFOPLIST_KEY_UISupportedInterfaceOrientations_iPad = "UIInterfaceOrientationPortrait UIInterfaceOrientationPortraitUpsideDown UIInterfaceOrientationLandscapeLeft UIInterfaceOrientationLandscapeRight";
				INFOPLIST_KEY_UISupportedInterfaceOrientations_iPhone = "UIInterfaceOrientationPortrait UIInterfaceOrientationLandscapeLeft UIInterfaceOrientationLandscapeRight";
				LD_RUNPATH_SEARCH_PATHS = (
					"$(inherited)",
					"@executable_path/Frameworks",
				);
				MARKETING_VERSION = 1.0;
				PRODUCT_BUNDLE_IDENTIFIER = "conestoga.project-1";
				PRODUCT_NAME = "$(TARGET_NAME)";
				SWIFT_EMIT_LOC_STRINGS = YES;
				SWIFT_VERSION = 5.0;
				TARGETED_DEVICE_FAMILY = "1,2";
			};
			name = Debug;
		};
		0764CD4F2BED32370067511E /* Release */ = {
			isa = XCBuildConfiguration;
			buildSettings = {
				ASSETCATALOG_COMPILER_APPICON_NAME = AppIcon;
				ASSETCATALOG_COMPILER_GLOBAL_ACCENT_COLOR_NAME = AccentColor;
				CODE_SIGN_STYLE = Automatic;
				CURRENT_PROJECT_VERSION = 1;
				GENERATE_INFOPLIST_FILE = YES;
				INFOPLIST_FILE = "project 1/Info.plist";
				INFOPLIST_KEY_UIApplicationSupportsIndirectInputEvents = YES;
				INFOPLIST_KEY_UILaunchStoryboardName = LaunchScreen;
				INFOPLIST_KEY_UIMainStoryboardFile = Main;
				INFOPLIST_KEY_UISupportedInterfaceOrientations_iPad = "UIInterfaceOrientationPortrait UIInterfaceOrientationPortraitUpsideDown UIInterfaceOrientationLandscapeLeft UIInterfaceOrientationLandscapeRight";
				INFOPLIST_KEY_UISupportedInterfaceOrientations_iPhone = "UIInterfaceOrientationPortrait UIInterfaceOrientationLandscapeLeft UIInterfaceOrientationLandscapeRight";
				LD_RUNPATH_SEARCH_PATHS = (
					"$(inherited)",
					"@executable_path/Frameworks",
				);
				MARKETING_VERSION = 1.0;
				PRODUCT_BUNDLE_IDENTIFIER = "conestoga.project-1";
				PRODUCT_NAME = "$(TARGET_NAME)";
				SWIFT_EMIT_LOC_STRINGS = YES;
				SWIFT_VERSION = 5.0;
				TARGETED_DEVICE_FAMILY = "1,2";
			};
			name = Release;
		};
		0764CD512BED32370067511E /* Debug */ = {
			isa = XCBuildConfiguration;
			buildSettings = {
				ALWAYS_EMBED_SWIFT_STANDARD_LIBRARIES = YES;
				BUNDLE_LOADER = "$(TEST_HOST)";
				CODE_SIGN_STYLE = Automatic;
				CURRENT_PROJECT_VERSION = 1;
				GENERATE_INFOPLIST_FILE = YES;
				IPHONEOS_DEPLOYMENT_TARGET = 16.2;
				MARKETING_VERSION = 1.0;
				PRODUCT_BUNDLE_IDENTIFIER = "conestoga.project-1Tests";
				PRODUCT_NAME = "$(TARGET_NAME)";
				SWIFT_EMIT_LOC_STRINGS = NO;
				SWIFT_VERSION = 5.0;
				TARGETED_DEVICE_FAMILY = "1,2";
				TEST_HOST = "$(BUILT_PRODUCTS_DIR)/project 1.app/$(BUNDLE_EXECUTABLE_FOLDER_PATH)/project 1";
			};
			name = Debug;
		};
		0764CD522BED32370067511E /* Release */ = {
			isa = XCBuildConfiguration;
			buildSettings = {
				ALWAYS_EMBED_SWIFT_STANDARD_LIBRARIES = YES;
				BUNDLE_LOADER = "$(TEST_HOST)";
				CODE_SIGN_STYLE = Automatic;
				CURRENT_PROJECT_VERSION = 1;
				GENERATE_INFOPLIST_FILE = YES;
				IPHONEOS_DEPLOYMENT_TARGET = 16.2;
				MARKETING_VERSION = 1.0;
				PRODUCT_BUNDLE_IDENTIFIER = "conestoga.project-1Tests";
				PRODUCT_NAME = "$(TARGET_NAME)";
				SWIFT_EMIT_LOC_STRINGS = NO;
				SWIFT_VERSION = 5.0;
				TARGETED_DEVICE_FAMILY = "1,2";
				TEST_HOST = "$(BUILT_PRODUCTS_DIR)/project 1.app/$(BUNDLE_EXECUTABLE_FOLDER_PATH)/project 1";
			};
			name = Release;
		};
		0764CD542BED32370067511E /* Debug */ = {
			isa = XCBuildConfiguration;
			buildSettings = {
				ALWAYS_EMBED_SWIFT_STANDARD_LIBRARIES = YES;
				CODE_SIGN_STYLE = Automatic;
				CURRENT_PROJECT_VERSION = 1;
				GENERATE_INFOPLIST_FILE = YES;
				MARKETING_VERSION = 1.0;
				PRODUCT_BUNDLE_IDENTIFIER = "conestoga.project-1UITests";
				PRODUCT_NAME = "$(TARGET_NAME)";
				SWIFT_EMIT_LOC_STRINGS = NO;
				SWIFT_VERSION = 5.0;
				TARGETED_DEVICE_FAMILY = "1,2";
				TEST_TARGET_NAME = "project 1";
			};
			name = Debug;
		};
		0764CD552BED32370067511E /* Release */ = {
			isa = XCBuildConfiguration;
			buildSettings = {
				ALWAYS_EMBED_SWIFT_STANDARD_LIBRARIES = YES;
				CODE_SIGN_STYLE = Automatic;
				CURRENT_PROJECT_VERSION = 1;
				GENERATE_INFOPLIST_FILE = YES;
				MARKETING_VERSION = 1.0;
				PRODUCT_BUNDLE_IDENTIFIER = "conestoga.project-1UITests";
				PRODUCT_NAME = "$(TARGET_NAME)";
				SWIFT_EMIT_LOC_STRINGS = NO;
				SWIFT_VERSION = 5.0;
				TARGETED_DEVICE_FAMILY = "1,2";
				TEST_TARGET_NAME = "project 1";
			};
			name = Release;
		};
/* End XCBuildConfiguration section */

/* Begin XCConfigurationList section */
		0764CD1B2BED32350067511E /* Build configuration list for PBXProject "project 1" */ = {
			isa = XCConfigurationList;
			buildConfigurations = (
				0764CD4B2BED32370067511E /* Debug */,
				0764CD4C2BED32370067511E /* Release */,
			);
			defaultConfigurationIsVisible = 0;
			defaultConfigurationName = Release;
		};
		0764CD4D2BED32370067511E /* Build configuration list for PBXNativeTarget "project 1" */ = {
			isa = XCConfigurationList;
			buildConfigurations = (
				0764CD4E2BED32370067511E /* Debug */,
				0764CD4F2BED32370067511E /* Release */,
			);
			defaultConfigurationIsVisible = 0;
			defaultConfigurationName = Release;
		};
		0764CD502BED32370067511E /* Build configuration list for PBXNativeTarget "project 1Tests" */ = {
			isa = XCConfigurationList;
			buildConfigurations = (
				0764CD512BED32370067511E /* Debug */,
				0764CD522BED32370067511E /* Release */,
			);
			defaultConfigurationIsVisible = 0;
			defaultConfigurationName = Release;
		};
		0764CD532BED32370067511E /* Build configuration list for PBXNativeTarget "project 1UITests" */ = {
			isa = XCConfigurationList;
			buildConfigurations = (
				0764CD542BED32370067511E /* Debug */,
				0764CD552BED32370067511E /* Release */,
			);
			defaultConfigurationIsVisible = 0;
			defaultConfigurationName = Release;
		};
/* End XCConfigurationList section */

/* Begin XCVersionGroup section */
		0764CD2C2BED32350067511E /* project_1.xcdatamodeld */ = {
			isa = XCVersionGroup;
			children = (
				0764CD2D2BED32350067511E /* project_1.xcdatamodel */,
			);
			currentVersion = 0764CD2D2BED32350067511E /* project_1.xcdatamodel */;
			path = project_1.xcdatamodeld;
			sourceTree = "<group>";
			versionGroupType = wrapper.xcdatamodel;
		};
/* End XCVersionGroup section */
	};
	rootObject = 0764CD182BED32350067511E /* Project object */;
}
